
Microsoft Visual Studio Solution File, Format Version 12.00
# Visual Studio Version 16
VisualStudioVersion = 16.0.32126.315
MinimumVisualStudioVersion = 10.0.40219.1
Project("{FAE04EC0-301F-11D3-BF4B-00C04F79EFBC}") = "eTickets", "eTickets\eTickets.csproj", "{6DDA0FD0-9DA3-4306-A118-313B04EDD4A4}"
EndProject
Global
	GlobalSection(SolutionConfigurationPlatforms) = preSolution
		Debug|Any CPU = Debug|Any CPU
		Release|Any CPU = Release|Any CPU
	EndGlobalSection
	GlobalSection(ProjectConfigurationPlatforms) = postSolution
		{6DDA0FD0-9DA3-4306-A118-313B04EDD4A4}.Debug|Any CPU.ActiveCfg = Debug|Any CPU
		{6DDA0FD0-9DA3-4306-A118-313B04EDD4A4}.Debug|Any CPU.Build.0 = Debug|Any CPU
		{6DDA0FD0-9DA3-4306-A118-313B04EDD4A4}.Release|Any CPU.ActiveCfg = Release|Any CPU
		{6DDA0FD0-9DA3-4306-A118-313B04EDD4A4}.Release|Any CPU.Build.0 = Release|Any CPU
	EndGlobalSection
	GlobalSection(SolutionProperties) = preSolution
		HideSolutionNode = FALSE
	EndGlobalSection
	GlobalSection(ExtensibilityGlobals) = postSolution
		SolutionGuid = {DB780D83-1396-4C9E-B30A-963C8CA96FF0}
	EndGlobalSection
EndGlobal
